# THIS IS AN AUTOGENERATED FILE. DO NOT EDIT THIS FILE DIRECTLY.
# yarn lockfile v1


"@babel/parser@^7.20.3":
  version "7.20.3"
  resolved "https://registry.yarnpkg.com/@babel/parser/-/parser-7.20.3.tgz#5358cf62e380cf69efcb87a7bb922ff88bfac6e2"
  integrity sha512-OP/s5a94frIPXwjzEcv5S/tpQfc6XhxYUnmWpgdqMWGgYCuErA3SzozaRAMQgSZWKeTJxht9aWAkUY+0UzvOFg==

flow-parser@^0.190.1:
  version "0.190.1"
  resolved "https://registry.yarnpkg.com/flow-parser/-/flow-parser-0.190.1.tgz#d576c9ca7a011405de34a68d8bb3c15b6db2fb4a"
  integrity sha512-DLZIYLNQpJfGyiKPylFqm1zn5XXNHlP/91Z/TgHlYljUttbnDaKHfCfVJ6SVjCQym1dGNhD/73krh68ICO+p0w==
